
Microsoft Visual Studio Solution File, Format Version 12.00
# Visual Studio 15
Project("{FAE04EC0-301F-11D3-BF4B-00C04F79EFBC}") = "Assembly-CSharp", "Assembly-CSharp.csproj", "{CE331650-A1D7-FD28-72DD-CF86FEF65258}"
EndProject
Project("{FAE04EC0-301F-11D3-BF4B-00C04F79EFBC}") = "Assembly-CSharp-Editor", "Assembly-CSharp-Editor.csproj", "{7369A4D2-DD3A-288C-7073-7EAAA4DD52E9}"
EndProject
Global
	GlobalSection(SolutionConfigurationPlatforms) = preSolution
		Debug|Any CPU = Debug|Any CPU
		Release|Any CPU = Release|Any CPU
	EndGlobalSection
	GlobalSection(ProjectConfigurationPlatforms) = postSolution
		{CE331650-A1D7-FD28-72DD-CF86FEF65258}.Debug|Any CPU.ActiveCfg = Debug|Any CPU
		{CE331650-A1D7-FD28-72DD-CF86FEF65258}.Debug|Any CPU.Build.0 = Debug|Any CPU
		{CE331650-A1D7-FD28-72DD-CF86FEF65258}.Release|Any CPU.ActiveCfg = Release|Any CPU
		{CE331650-A1D7-FD28-72DD-CF86FEF65258}.Release|Any CPU.Build.0 = Release|Any CPU
		{7369A4D2-DD3A-288C-7073-7EAAA4DD52E9}.Debug|Any CPU.ActiveCfg = Debug|Any CPU
		{7369A4D2-DD3A-288C-7073-7EAAA4DD52E9}.Debug|Any CPU.Build.0 = Debug|Any CPU
		{7369A4D2-DD3A-288C-7073-7EAAA4DD52E9}.Release|Any CPU.ActiveCfg = Release|Any CPU
		{7369A4D2-DD3A-288C-7073-7EAAA4DD52E9}.Release|Any CPU.Build.0 = Release|Any CPU
	EndGlobalSection
	GlobalSection(SolutionProperties) = preSolution
		HideSolutionNode = FALSE
	EndGlobalSection
EndGlobal
